
Microsoft Visual Studio Solution File, Format Version 12.00
# Visual Studio 15
VisualStudioVersion = 15.0.27130.2027
MinimumVisualStudioVersion = 10.0.40219.1
Project("{8BC9CEB8-8B4A-11D0-8D11-00A0C91BC942}") = "a perfecthook private", "PerfectHook\a perfecthook private.vcxproj", "{EDEE63E8-381D-470F-90BD-AF33CCAA1E5E}"
EndProject
Global
	GlobalSection(SolutionConfigurationPlatforms) = preSolution
		Debug|x64 = Debug|x64
		Debug|x86 = Debug|x86
		Release|x64 = Release|x64
		Release|x86 = Release|x86
	EndGlobalSection
	GlobalSection(ProjectConfigurationPlatforms) = postSolution
		{EDEE63E8-381D-470F-90BD-AF33CCAA1E5E}.Debug|x64.ActiveCfg = Debug|x64
		{EDEE63E8-381D-470F-90BD-AF33CCAA1E5E}.Debug|x64.Build.0 = Debug|x64
		{EDEE63E8-381D-470F-90BD-AF33CCAA1E5E}.Debug|x86.ActiveCfg = Debug|Win32
		{EDEE63E8-381D-470F-90BD-AF33CCAA1E5E}.Debug|x86.Build.0 = Debug|Win32
		{EDEE63E8-381D-470F-90BD-AF33CCAA1E5E}.Release|x64.ActiveCfg = Release|x64
		{EDEE63E8-381D-470F-90BD-AF33CCAA1E5E}.Release|x64.Build.0 = Release|x64
		{EDEE63E8-381D-470F-90BD-AF33CCAA1E5E}.Release|x86.ActiveCfg = Release|Win32
		{EDEE63E8-381D-470F-90BD-AF33CCAA1E5E}.Release|x86.Build.0 = Release|Win32
	EndGlobalSection
	GlobalSection(SolutionProperties) = preSolution
		HideSolutionNode = FALSE
	EndGlobalSection
	GlobalSection(ExtensibilityGlobals) = postSolution
		SolutionGuid = {0524D4E4-D406-40CB-A81F-DC26C82A3447}
	EndGlobalSection
EndGlobal
